
Microsoft Visual Studio Solution File, Format Version 12.00
# Visual Studio Version 17
VisualStudioVersion = 17.0.31919.166
MinimumVisualStudioVersion = 10.0.40219.1
Project("{E20A6367-BFFE-4AF1-81C8-D3A60C855347}") = "FilthCreatesTrash", "Source\FilthCreatesTrash.csproj", "{0A9FE5FB-97FC-4484-9DE3-D065DDE030F2}"
EndProject
Global
	GlobalSection(SolutionConfigurationPlatforms) = preSolution
		Debug|Any CPU = Debug|Any CPU
		Release|Any CPU = Release|Any CPU
	EndGlobalSection
	GlobalSection(ProjectConfigurationPlatforms) = postSolution
		{0A9FE5FB-97FC-4484-9DE3-D065DDE030F2}.Debug|Any CPU.ActiveCfg = Debug|Any CPU
		{0A9FE5FB-97FC-4484-9DE3-D065DDE030F2}.Debug|Any CPU.Build.0 = Debug|Any CPU
		{0A9FE5FB-97FC-4484-9DE3-D065DDE030F2}.Release|Any CPU.ActiveCfg = Release|Any CPU
		{0A9FE5FB-97FC-4484-9DE3-D065DDE030F2}.Release|Any CPU.Build.0 = Release|Any CPU
	EndGlobalSection
	GlobalSection(SolutionProperties) = preSolution
		HideSolutionNode = FALSE
	EndGlobalSection
	GlobalSection(ExtensibilityGlobals) = postSolution
		SolutionGuid = {988AD20F-A9B3-4E2D-97F8-BFB5371A029E}
	EndGlobalSection
EndGlobal
